
Microsoft Visual Studio Solution File, Format Version 12.00
# Visual Studio Version 17
VisualStudioVersion = 17.8.34316.72
MinimumVisualStudioVersion = 10.0.40219.1
Project("{FAE04EC0-301F-11D3-BF4B-00C04F79EFBC}") = "OnlineShopping.API", "OnlineShopping.API\OnlineShopping.API.csproj", "{9F1E59FA-0997-407F-9C38-44D6A8CBF365}"
EndProject
Project("{FAE04EC0-301F-11D3-BF4B-00C04F79EFBC}") = "OnlineShopping.Businnes", "OnlineShopping.Businnes\OnlineShopping.Businnes.csproj", "{DC6BD0A7-365C-44C4-9626-806890E93DD5}"
EndProject
Project("{FAE04EC0-301F-11D3-BF4B-00C04F79EFBC}") = "OnlineShopping.Infrastructure", "OnlineShopping.Infrastructure\OnlineShopping.Infrastructure.csproj", "{DE080C24-2F37-4D0B-B4E5-4C4B86789ABB}"
EndProject
Global
	GlobalSection(SolutionConfigurationPlatforms) = preSolution
		Debug|Any CPU = Debug|Any CPU
		Release|Any CPU = Release|Any CPU
	EndGlobalSection
	GlobalSection(ProjectConfigurationPlatforms) = postSolution
		{9F1E59FA-0997-407F-9C38-44D6A8CBF365}.Debug|Any CPU.ActiveCfg = Debug|Any CPU
		{9F1E59FA-0997-407F-9C38-44D6A8CBF365}.Debug|Any CPU.Build.0 = Debug|Any CPU
		{9F1E59FA-0997-407F-9C38-44D6A8CBF365}.Release|Any CPU.ActiveCfg = Release|Any CPU
		{9F1E59FA-0997-407F-9C38-44D6A8CBF365}.Release|Any CPU.Build.0 = Release|Any CPU
		{DC6BD0A7-365C-44C4-9626-806890E93DD5}.Debug|Any CPU.ActiveCfg = Debug|Any CPU
		{DC6BD0A7-365C-44C4-9626-806890E93DD5}.Debug|Any CPU.Build.0 = Debug|Any CPU
		{DC6BD0A7-365C-44C4-9626-806890E93DD5}.Release|Any CPU.ActiveCfg = Release|Any CPU
		{DC6BD0A7-365C-44C4-9626-806890E93DD5}.Release|Any CPU.Build.0 = Release|Any CPU
		{DE080C24-2F37-4D0B-B4E5-4C4B86789ABB}.Debug|Any CPU.ActiveCfg = Debug|Any CPU
		{DE080C24-2F37-4D0B-B4E5-4C4B86789ABB}.Debug|Any CPU.Build.0 = Debug|Any CPU
		{DE080C24-2F37-4D0B-B4E5-4C4B86789ABB}.Release|Any CPU.ActiveCfg = Release|Any CPU
		{DE080C24-2F37-4D0B-B4E5-4C4B86789ABB}.Release|Any CPU.Build.0 = Release|Any CPU
	EndGlobalSection
	GlobalSection(SolutionProperties) = preSolution
		HideSolutionNode = FALSE
	EndGlobalSection
	GlobalSection(ExtensibilityGlobals) = postSolution
		SolutionGuid = {6D79BA71-C0ED-4F20-A7A6-8B5DCFD95F99}
	EndGlobalSection
EndGlobal
